
Microsoft Visual Studio Solution File, Format Version 12.00
# Visual Studio Version 17
VisualStudioVersion = 17.5.002.0
MinimumVisualStudioVersion = 10.0.40219.1
Project("{9A19103F-16F7-4668-BE54-9A1E7A4F7556}") = "Movie.API", "Movie.API\Movie.API.csproj", "{E003F144-9F51-48F3-B393-9C2A07133977}"
EndProject
Project("{9A19103F-16F7-4668-BE54-9A1E7A4F7556}") = "Movie.Application", "Movie.Application\Movie.Application.csproj", "{F6B9743D-1EC4-4EFA-B4AA-32C1B9F37036}"
EndProject
Project("{9A19103F-16F7-4668-BE54-9A1E7A4F7556}") = "Movie.Core", "Movie.Core\Movie.Core.csproj", "{3362446F-4270-44DC-9D71-EAA144554EEC}"
EndProject
Project("{9A19103F-16F7-4668-BE54-9A1E7A4F7556}") = "Movie.Infrastructure", "Movie.Infrastructure\Movie.Infrastructure.csproj", "{C1F51687-51C6-4851-A4D7-BFAC4AA24B14}"
EndProject
Global
	GlobalSection(SolutionConfigurationPlatforms) = preSolution
		Debug|Any CPU = Debug|Any CPU
		Release|Any CPU = Release|Any CPU
	EndGlobalSection
	GlobalSection(ProjectConfigurationPlatforms) = postSolution
		{E003F144-9F51-48F3-B393-9C2A07133977}.Debug|Any CPU.ActiveCfg = Debug|Any CPU
		{E003F144-9F51-48F3-B393-9C2A07133977}.Debug|Any CPU.Build.0 = Debug|Any CPU
		{E003F144-9F51-48F3-B393-9C2A07133977}.Release|Any CPU.ActiveCfg = Release|Any CPU
		{E003F144-9F51-48F3-B393-9C2A07133977}.Release|Any CPU.Build.0 = Release|Any CPU
		{F6B9743D-1EC4-4EFA-B4AA-32C1B9F37036}.Debug|Any CPU.ActiveCfg = Debug|Any CPU
		{F6B9743D-1EC4-4EFA-B4AA-32C1B9F37036}.Debug|Any CPU.Build.0 = Debug|Any CPU
		{F6B9743D-1EC4-4EFA-B4AA-32C1B9F37036}.Release|Any CPU.ActiveCfg = Release|Any CPU
		{F6B9743D-1EC4-4EFA-B4AA-32C1B9F37036}.Release|Any CPU.Build.0 = Release|Any CPU
		{3362446F-4270-44DC-9D71-EAA144554EEC}.Debug|Any CPU.ActiveCfg = Debug|Any CPU
		{3362446F-4270-44DC-9D71-EAA144554EEC}.Debug|Any CPU.Build.0 = Debug|Any CPU
		{3362446F-4270-44DC-9D71-EAA144554EEC}.Release|Any CPU.ActiveCfg = Release|Any CPU
		{3362446F-4270-44DC-9D71-EAA144554EEC}.Release|Any CPU.Build.0 = Release|Any CPU
		{C1F51687-51C6-4851-A4D7-BFAC4AA24B14}.Debug|Any CPU.ActiveCfg = Debug|Any CPU
		{C1F51687-51C6-4851-A4D7-BFAC4AA24B14}.Debug|Any CPU.Build.0 = Debug|Any CPU
		{C1F51687-51C6-4851-A4D7-BFAC4AA24B14}.Release|Any CPU.ActiveCfg = Release|Any CPU
		{C1F51687-51C6-4851-A4D7-BFAC4AA24B14}.Release|Any CPU.Build.0 = Release|Any CPU
	EndGlobalSection
	GlobalSection(SolutionProperties) = preSolution
		HideSolutionNode = FALSE
	EndGlobalSection
	GlobalSection(ExtensibilityGlobals) = postSolution
		SolutionGuid = {F81BF54B-DD54-4F32-952D-660CFAF579A1}
	EndGlobalSection
EndGlobal
